PODS:
  - RxCocoa (2.6.1):
    - RxSwift (~> 2.6)
  - RxSwift (2.6.1)

DEPENDENCIES:
  - RxCocoa (~> 2.4)
  - RxSwift (~> 2.4)

SPEC CHECKSUMS:
  RxCocoa: 3bb2820fd2a1ba48a70d38926bec0803838ae802
  RxSwift: 0147fbf94e65c6085da9540de92848189ac1c3f6

PODFILE CHECKSUM: 28b5250af9c1d9d0279a697d922d2808ac590668

COCOAPODS: 1.1.1
